{
  "name": "gamev2",
  "lockfileVersion": 3,
  "requires": true,
  "packages": {
    "": {
      "dependencies": {
        "@2toad/profanity": "^3.1.1"
      }
    },
    "node_modules/@2toad/profanity": {
      "version": "3.1.1",
      "resolved": "https://registry.npmjs.org/@2toad/profanity/-/profanity-3.1.1.tgz",
      "integrity": "sha512-07ny4pCSa4gDrcJ4vZ/WWmiM90+8kv/clXfnDvThf9IJq0GldpjRVdzHCfMwGDs2Y/8eClmTGzKb5tEfUWy/uA==",
      "engines": {
        "node": ">=12"
      }
    }
  }
}
